// !$*UTF8*$!
{
	archiveVersion = 1;
	classes = {
	};
	objectVersion = 46;
	objects = {

/* Begin PBXBuildFile section */
		196DC83AEA8E7F69D13DF2EF /* libPods-scheduling.a in Frameworks */ = {isa = PBXBuildFile; fileRef = 340E291828A65BC211839FD4 /* libPods-scheduling.a */; };
		F42607B01E9B26DE002F77B3 /* Design.swift in Sources */ = {isa = PBXBuildFile; fileRef = F42607AF1E9B26DE002F77B3 /* Design.swift */; };
		F42607B31E9C5A52002F77B3 /* IOS ICON@2x.png in Resources */ = {isa = PBXBuildFile; fileRef = F42607B11E9C5A52002F77B3 /* IOS ICON@2x.png */; };
		F42607B41E9C5A52002F77B3 /* IOS ICON@3x.png in Resources */ = {isa = PBXBuildFile; fileRef = F42607B21E9C5A52002F77B3 /* IOS ICON@3x.png */; };
		F42607B61E9D124B002F77B3 /* icon_scheduling_128.png in Resources */ = {isa = PBXBuildFile; fileRef = F42607B51E9D124B002F77B3 /* icon_scheduling_128.png */; };
		F42C7D3A1EA6FC6600CC6066 /* SettingsController.swift in Sources */ = {isa = PBXBuildFile; fileRef = F42C7D391EA6FC6600CC6066 /* SettingsController.swift */; };
		F42C7D3C1EA6FC8900CC6066 /* SearchController.swift in Sources */ = {isa = PBXBuildFile; fileRef = F42C7D3B1EA6FC8900CC6066 /* SearchController.swift */; };
		F42C7D3E1EA701AE00CC6066 /* ic_search.imageset in Resources */ = {isa = PBXBuildFile; fileRef = F42C7D3D1EA701AE00CC6066 /* ic_search.imageset */; };
		F42C7D401EA7025300CC6066 /* ic_account_circle.imageset in Resources */ = {isa = PBXBuildFile; fileRef = F42C7D3F1EA7025300CC6066 /* ic_account_circle.imageset */; };
		F42C7D421EA7031900CC6066 /* ic_event.imageset in Resources */ = {isa = PBXBuildFile; fileRef = F42C7D411EA7031900CC6066 /* ic_event.imageset */; };
		F42C7D441EA70E2F00CC6066 /* CLNavBar.swift in Sources */ = {isa = PBXBuildFile; fileRef = F42C7D431EA70E2F00CC6066 /* CLNavBar.swift */; };
		F44943DE1E95A3F900C23CBF /* AppDelegate.swift in Sources */ = {isa = PBXBuildFile; fileRef = F44943DD1E95A3F900C23CBF /* AppDelegate.swift */; };
		F44943E01E95A3F900C23CBF /* LoginController.swift in Sources */ = {isa = PBXBuildFile; fileRef = F44943DF1E95A3F900C23CBF /* LoginController.swift */; };
		F44943E31E95A3F900C23CBF /* Login.storyboard in Resources */ = {isa = PBXBuildFile; fileRef = F44943E11E95A3F900C23CBF /* Login.storyboard */; };
		F44943E61E95A3F900C23CBF /* scheduling.xcdatamodeld in Sources */ = {isa = PBXBuildFile; fileRef = F44943E41E95A3F900C23CBF /* scheduling.xcdatamodeld */; };
		F44943E81E95A3F900C23CBF /* Assets.xcassets in Resources */ = {isa = PBXBuildFile; fileRef = F44943E71E95A3F900C23CBF /* Assets.xcassets */; };
		F44943EB1E95A3F900C23CBF /* LaunchScreen.storyboard in Resources */ = {isa = PBXBuildFile; fileRef = F44943E91E95A3F900C23CBF /* LaunchScreen.storyboard */; };
		F44943F31E95AB4200C23CBF /* GoogleService-Info.plist in Resources */ = {isa = PBXBuildFile; fileRef = F44943F21E95AB4200C23CBF /* GoogleService-Info.plist */; };
		F4A6A2561EA02400006BE0E7 /* Main.storyboard in Resources */ = {isa = PBXBuildFile; fileRef = F4A6A2551EA02400006BE0E7 /* Main.storyboard */; };
		F4A6A2581EA026AD006BE0E7 /* MyScheduleController.swift in Sources */ = {isa = PBXBuildFile; fileRef = F4A6A2571EA026AD006BE0E7 /* MyScheduleController.swift */; };
/* End PBXBuildFile section */

/* Begin PBXFileReference section */
		340E291828A65BC211839FD4 /* libPods-scheduling.a */ = {isa = PBXFileReference; explicitFileType = archive.ar; includeInIndex = 0; path = "libPods-scheduling.a"; sourceTree = BUILT_PRODUCTS_DIR; };
		7D776453ACFE7529EB3DF36B /* Pods-scheduling.release.xcconfig */ = {isa = PBXFileReference; includeInIndex = 1; lastKnownFileType = text.xcconfig; name = "Pods-scheduling.release.xcconfig"; path = "Pods/Target Support Files/Pods-scheduling/Pods-scheduling.release.xcconfig"; sourceTree = "<group>"; };
		AEC8E6347B479F106BA5908E /* Pods-scheduling.debug.xcconfig */ = {isa = PBXFileReference; includeInIndex = 1; lastKnownFileType = text.xcconfig; name = "Pods-scheduling.debug.xcconfig"; path = "Pods/Target Support Files/Pods-scheduling/Pods-scheduling.debug.xcconfig"; sourceTree = "<group>"; };
		F42607AF1E9B26DE002F77B3 /* Design.swift */ = {isa = PBXFileReference; fileEncoding = 4; lastKnownFileType = sourcecode.swift; path = Design.swift; sourceTree = "<group>"; };
		F42607B11E9C5A52002F77B3 /* IOS ICON@2x.png */ = {isa = PBXFileReference; lastKnownFileType = image.png; path = "IOS ICON@2x.png"; sourceTree = "<group>"; };
		F42607B21E9C5A52002F77B3 /* IOS ICON@3x.png */ = {isa = PBXFileReference; lastKnownFileType = image.png; path = "IOS ICON@3x.png"; sourceTree = "<group>"; };
		F42607B51E9D124B002F77B3 /* icon_scheduling_128.png */ = {isa = PBXFileReference; lastKnownFileType = image.png; path = icon_scheduling_128.png; sourceTree = "<group>"; };
		F42C7D391EA6FC6600CC6066 /* SettingsController.swift */ = {isa = PBXFileReference; fileEncoding = 4; lastKnownFileType = sourcecode.swift; path = SettingsController.swift; sourceTree = "<group>"; };
		F42C7D3B1EA6FC8900CC6066 /* SearchController.swift */ = {isa = PBXFileReference; fileEncoding = 4; lastKnownFileType = sourcecode.swift; path = SearchController.swift; sourceTree = "<group>"; };
		F42C7D3D1EA701AE00CC6066 /* ic_search.imageset */ = {isa = PBXFileReference; lastKnownFileType = folder; path = ic_search.imageset; sourceTree = "<group>"; };
		F42C7D3F1EA7025300CC6066 /* ic_account_circle.imageset */ = {isa = PBXFileReference; lastKnownFileType = folder; path = ic_account_circle.imageset; sourceTree = "<group>"; };
		F42C7D411EA7031900CC6066 /* ic_event.imageset */ = {isa = PBXFileReference; lastKnownFileType = folder; path = ic_event.imageset; sourceTree = "<group>"; };
		F42C7D431EA70E2F00CC6066 /* CLNavBar.swift */ = {isa = PBXFileReference; fileEncoding = 4; lastKnownFileType = sourcecode.swift; path = CLNavBar.swift; sourceTree = "<group>"; };
		F44943DA1E95A3F900C23CBF /* scheduling.app */ = {isa = PBXFileReference; explicitFileType = wrapper.application; includeInIndex = 0; path = scheduling.app; sourceTree = BUILT_PRODUCTS_DIR; };
		F44943DD1E95A3F900C23CBF /* AppDelegate.swift */ = {isa = PBXFileReference; lastKnownFileType = sourcecode.swift; path = AppDelegate.swift; sourceTree = "<group>"; };
		F44943DF1E95A3F900C23CBF /* LoginController.swift */ = {isa = PBXFileReference; lastKnownFileType = sourcecode.swift; path = LoginController.swift; sourceTree = "<group>"; };
		F44943E21E95A3F900C23CBF /* Base */ = {isa = PBXFileReference; lastKnownFileType = file.storyboard; name = Base; path = Base.lproj/Login.storyboard; sourceTree = "<group>"; };
		F44943E51E95A3F900C23CBF /* scheduling.xcdatamodel */ = {isa = PBXFileReference; lastKnownFileType = wrapper.xcdatamodel; path = scheduling.xcdatamodel; sourceTree = "<group>"; };
		F44943E71E95A3F900C23CBF /* Assets.xcassets */ = {isa = PBXFileReference; lastKnownFileType = folder.assetcatalog; path = Assets.xcassets; sourceTree = "<group>"; };
		F44943EA1E95A3F900C23CBF /* Base */ = {isa = PBXFileReference; lastKnownFileType = file.storyboard; name = Base; path = Base.lproj/LaunchScreen.storyboard; sourceTree = "<group>"; };
		F44943EC1E95A3F900C23CBF /* Info.plist */ = {isa = PBXFileReference; lastKnownFileType = text.plist.xml; path = Info.plist; sourceTree = "<group>"; };
		F44943F21E95AB4200C23CBF /* GoogleService-Info.plist */ = {isa = PBXFileReference; fileEncoding = 4; lastKnownFileType = text.plist.xml; path = "GoogleService-Info.plist"; sourceTree = "<group>"; };
		F4A6A2551EA02400006BE0E7 /* Main.storyboard */ = {isa = PBXFileReference; fileEncoding = 4; lastKnownFileType = file.storyboard; path = Main.storyboard; sourceTree = "<group>"; };
		F4A6A2571EA026AD006BE0E7 /* MyScheduleController.swift */ = {isa = PBXFileReference; fileEncoding = 4; lastKnownFileType = sourcecode.swift; path = MyScheduleController.swift; sourceTree = "<group>"; };
/* End PBXFileReference section */

/* Begin PBXFrameworksBuildPhase section */
		F44943D71E95A3F900C23CBF /* Frameworks */ = {
			isa = PBXFrameworksBuildPhase;
			buildActionMask = 2147483647;
			files = (
				196DC83AEA8E7F69D13DF2EF /* libPods-scheduling.a in Frameworks */,
			);
			runOnlyForDeploymentPostprocessing = 0;
		};
/* End PBXFrameworksBuildPhase section */

/* Begin PBXGroup section */
		34DCD530E03350B121234B82 /* Pods */ = {
			isa = PBXGroup;
			children = (
				AEC8E6347B479F106BA5908E /* Pods-scheduling.debug.xcconfig */,
				7D776453ACFE7529EB3DF36B /* Pods-scheduling.release.xcconfig */,
			);
			name = Pods;
			sourceTree = "<group>";
		};
		82758E0776A56D5DC6CA1ED2 /* Frameworks */ = {
			isa = PBXGroup;
			children = (
				340E291828A65BC211839FD4 /* libPods-scheduling.a */,
			);
			name = Frameworks;
			sourceTree = "<group>";
		};
		F42607AC1E9B269F002F77B3 /* control */ = {
			isa = PBXGroup;
			children = (
				F44943DF1E95A3F900C23CBF /* LoginController.swift */,
				F4A6A2571EA026AD006BE0E7 /* MyScheduleController.swift */,
				F42C7D391EA6FC6600CC6066 /* SettingsController.swift */,
				F42C7D3B1EA6FC8900CC6066 /* SearchController.swift */,
			);
			name = control;
			sourceTree = "<group>";
		};
		F42607AD1E9B26A8002F77B3 /* utils */ = {
			isa = PBXGroup;
			children = (
				F42607AF1E9B26DE002F77B3 /* Design.swift */,
				F42C7D431EA70E2F00CC6066 /* CLNavBar.swift */,
			);
			name = utils;
			sourceTree = "<group>";
		};
		F42607AE1E9B26B3002F77B3 /* view */ = {
			isa = PBXGroup;
			children = (
				F44943E91E95A3F900C23CBF /* LaunchScreen.storyboard */,
				F44943E11E95A3F900C23CBF /* Login.storyboard */,
				F4A6A2551EA02400006BE0E7 /* Main.storyboard */,
			);
			name = view;
			sourceTree = "<group>";
		};
		F44943D11E95A3F900C23CBF = {
			isa = PBXGroup;
			children = (
				F44943DC1E95A3F900C23CBF /* scheduling */,
				F44943DB1E95A3F900C23CBF /* Products */,
				34DCD530E03350B121234B82 /* Pods */,
				82758E0776A56D5DC6CA1ED2 /* Frameworks */,
			);
			sourceTree = "<group>";
		};
		F44943DB1E95A3F900C23CBF /* Products */ = {
			isa = PBXGroup;
			children = (
				F44943DA1E95A3F900C23CBF /* scheduling.app */,
			);
			name = Products;
			sourceTree = "<group>";
		};
		F44943DC1E95A3F900C23CBF /* scheduling */ = {
			isa = PBXGroup;
			children = (
				F42607AE1E9B26B3002F77B3 /* view */,
				F42607AD1E9B26A8002F77B3 /* utils */,
				F42607AC1E9B269F002F77B3 /* control */,
				F44943DD1E95A3F900C23CBF /* AppDelegate.swift */,
				F44943E71E95A3F900C23CBF /* Assets.xcassets */,
				F42C7D411EA7031900CC6066 /* ic_event.imageset */,
				F42C7D3F1EA7025300CC6066 /* ic_account_circle.imageset */,
				F42C7D3D1EA701AE00CC6066 /* ic_search.imageset */,
				F42607B11E9C5A52002F77B3 /* IOS ICON@2x.png */,
				F42607B21E9C5A52002F77B3 /* IOS ICON@3x.png */,
				F42607B51E9D124B002F77B3 /* icon_scheduling_128.png */,
				F44943EC1E95A3F900C23CBF /* Info.plist */,
				F44943F21E95AB4200C23CBF /* GoogleService-Info.plist */,
				F44943E41E95A3F900C23CBF /* scheduling.xcdatamodeld */,
			);
			path = scheduling;
			sourceTree = "<group>";
		};
/* End PBXGroup section */

/* Begin PBXNativeTarget section */
		F44943D91E95A3F900C23CBF /* scheduling */ = {
			isa = PBXNativeTarget;
			buildConfigurationList = F44943EF1E95A3F900C23CBF /* Build configuration list for PBXNativeTarget "scheduling" */;
			buildPhases = (
				7BFCCD211B4573F2C29FCF2D /* [CP] Check Pods Manifest.lock */,
				F44943D61E95A3F900C23CBF /* Sources */,
				F44943D71E95A3F900C23CBF /* Frameworks */,
				F44943D81E95A3F900C23CBF /* Resources */,
				9F96B88E21B436D0813B8C14 /* [CP] Embed Pods Frameworks */,
				488B92A476FDFBF068CB4BD2 /* [CP] Copy Pods Resources */,
			);
			buildRules = (
			);
			dependencies = (
			);
			name = scheduling;
			productName = scheduling;
			productReference = F44943DA1E95A3F900C23CBF /* scheduling.app */;
			productType = "com.apple.product-type.application";
		};
/* End PBXNativeTarget section */

/* Begin PBXProject section */
		F44943D21E95A3F900C23CBF /* Project object */ = {
			isa = PBXProject;
			attributes = {
				LastSwiftUpdateCheck = 0820;
				LastUpgradeCheck = 0820;
				ORGANIZATIONNAME = "Cordova labs";
				TargetAttributes = {
					F44943D91E95A3F900C23CBF = {
						CreatedOnToolsVersion = 8.2.1;
						DevelopmentTeam = T4H78CRT5T;
						ProvisioningStyle = Automatic;
					};
				};
			};
			buildConfigurationList = F44943D51E95A3F900C23CBF /* Build configuration list for PBXProject "scheduling" */;
			compatibilityVersion = "Xcode 3.2";
			developmentRegion = English;
			hasScannedForEncodings = 0;
			knownRegions = (
				en,
				Base,
			);
			mainGroup = F44943D11E95A3F900C23CBF;
			productRefGroup = F44943DB1E95A3F900C23CBF /* Products */;
			projectDirPath = "";
			projectRoot = "";
			targets = (
				F44943D91E95A3F900C23CBF /* scheduling */,
			);
		};
/* End PBXProject section */

/* Begin PBXResourcesBuildPhase section */
		F44943D81E95A3F900C23CBF /* Resources */ = {
			isa = PBXResourcesBuildPhase;
			buildActionMask = 2147483647;
			files = (
				F42C7D401EA7025300CC6066 /* ic_account_circle.imageset in Resources */,
				F44943EB1E95A3F900C23CBF /* LaunchScreen.storyboard in Resources */,
				F42C7D421EA7031900CC6066 /* ic_event.imageset in Resources */,
				F42607B41E9C5A52002F77B3 /* IOS ICON@3x.png in Resources */,
				F44943F31E95AB4200C23CBF /* GoogleService-Info.plist in Resources */,
				F4A6A2561EA02400006BE0E7 /* Main.storyboard in Resources */,
				F42C7D3E1EA701AE00CC6066 /* ic_search.imageset in Resources */,
				F44943E81E95A3F900C23CBF /* Assets.xcassets in Resources */,
				F42607B31E9C5A52002F77B3 /* IOS ICON@2x.png in Resources */,
				F42607B61E9D124B002F77B3 /* icon_scheduling_128.png in Resources */,
				F44943E31E95A3F900C23CBF /* Login.storyboard in Resources */,
			);
			runOnlyForDeploymentPostprocessing = 0;
		};
/* End PBXResourcesBuildPhase section */

/* Begin PBXShellScriptBuildPhase section */
		488B92A476FDFBF068CB4BD2 /* [CP] Copy Pods Resources */ = {
			isa = PBXShellScriptBuildPhase;
			buildActionMask = 2147483647;
			files = (
			);
			inputPaths = (
			);
			name = "[CP] Copy Pods Resources";
			outputPaths = (
			);
			runOnlyForDeploymentPostprocessing = 0;
			shellPath = /bin/sh;
			shellScript = "\"${SRCROOT}/Pods/Target Support Files/Pods-scheduling/Pods-scheduling-resources.sh\"\n";
			showEnvVarsInLog = 0;
		};
		7BFCCD211B4573F2C29FCF2D /* [CP] Check Pods Manifest.lock */ = {
			isa = PBXShellScriptBuildPhase;
			buildActionMask = 2147483647;
			files = (
			);
			inputPaths = (
			);
			name = "[CP] Check Pods Manifest.lock";
			outputPaths = (
			);
			runOnlyForDeploymentPostprocessing = 0;
			shellPath = /bin/sh;
			shellScript = "diff \"${PODS_ROOT}/../Podfile.lock\" \"${PODS_ROOT}/Manifest.lock\" > /dev/null\nif [ $? != 0 ] ; then\n    # print error to STDERR\n    echo \"error: The sandbox is not in sync with the Podfile.lock. Run 'pod install' or update your CocoaPods installation.\" >&2\n    exit 1\nfi\n";
			showEnvVarsInLog = 0;
		};
		9F96B88E21B436D0813B8C14 /* [CP] Embed Pods Frameworks */ = {
			isa = PBXShellScriptBuildPhase;
			buildActionMask = 2147483647;
			files = (
			);
			inputPaths = (
			);
			name = "[CP] Embed Pods Frameworks";
			outputPaths = (
			);
			runOnlyForDeploymentPostprocessing = 0;
			shellPath = /bin/sh;
			shellScript = "\"${SRCROOT}/Pods/Target Support Files/Pods-scheduling/Pods-scheduling-frameworks.sh\"\n";
			showEnvVarsInLog = 0;
		};
/* End PBXShellScriptBuildPhase section */

/* Begin PBXSourcesBuildPhase section */
		F44943D61E95A3F900C23CBF /* Sources */ = {
			isa = PBXSourcesBuildPhase;
			buildActionMask = 2147483647;
			files = (
				F42C7D3A1EA6FC6600CC6066 /* SettingsController.swift in Sources */,
				F44943E01E95A3F900C23CBF /* LoginController.swift in Sources */,
				F42C7D441EA70E2F00CC6066 /* CLNavBar.swift in Sources */,
				F42607B01E9B26DE002F77B3 /* Design.swift in Sources */,
				F42C7D3C1EA6FC8900CC6066 /* SearchController.swift in Sources */,
				F44943DE1E95A3F900C23CBF /* AppDelegate.swift in Sources */,
				F44943E61E95A3F900C23CBF /* scheduling.xcdatamodeld in Sources */,
				F4A6A2581EA026AD006BE0E7 /* MyScheduleController.swift in Sources */,
			);
			runOnlyForDeploymentPostprocessing = 0;
		};
/* End PBXSourcesBuildPhase section */

/* Begin PBXVariantGroup section */
		F44943E11E95A3F900C23CBF /* Login.storyboard */ = {
			isa = PBXVariantGroup;
			children = (
				F44943E21E95A3F900C23CBF /* Base */,
			);
			name = Login.storyboard;
			sourceTree = "<group>";
		};
		F44943E91E95A3F900C23CBF /* LaunchScreen.storyboard */ = {
			isa = PBXVariantGroup;
			children = (
				F44943EA1E95A3F900C23CBF /* Base */,
			);
			name = LaunchScreen.storyboard;
			sourceTree = "<group>";
		};
/* End PBXVariantGroup section */

/* Begin XCBuildConfiguration section */
		F44943ED1E95A3F900C23CBF /* Debug */ = {
			isa = XCBuildConfiguration;
			buildSettings = {
				ALWAYS_SEARCH_USER_PATHS = NO;
				CLANG_ANALYZER_NONNULL = YES;
				CLANG_CXX_LANGUAGE_STANDARD = "gnu++0x";
				CLANG_CXX_LIBRARY = "libc++";
				CLANG_ENABLE_MODULES = YES;
				CLANG_ENABLE_OBJC_ARC = YES;
				CLANG_WARN_BOOL_CONVERSION = YES;
				CLANG_WARN_CONSTANT_CONVERSION = YES;
				CLANG_WARN_DIRECT_OBJC_ISA_USAGE = YES_ERROR;
				CLANG_WARN_DOCUMENTATION_COMMENTS = YES;
				CLANG_WARN_EMPTY_BODY = YES;
				CLANG_WARN_ENUM_CONVERSION = YES;
				CLANG_WARN_INFINITE_RECURSION = YES;
				CLANG_WARN_INT_CONVERSION = YES;
				CLANG_WARN_OBJC_ROOT_CLASS = YES_ERROR;
				CLANG_WARN_SUSPICIOUS_MOVE = YES;
				CLANG_WARN_UNREACHABLE_CODE = YES;
				CLANG_WARN__DUPLICATE_METHOD_MATCH = YES;
				"CODE_SIGN_IDENTITY[sdk=iphoneos*]" = "iPhone Developer";
				COPY_PHASE_STRIP = NO;
				DEBUG_INFORMATION_FORMAT = dwarf;
				ENABLE_STRICT_OBJC_MSGSEND = YES;
				ENABLE_TESTABILITY = YES;
				GCC_C_LANGUAGE_STANDARD = gnu99;
				GCC_DYNAMIC_NO_PIC = NO;
				GCC_NO_COMMON_BLOCKS = YES;
				GCC_OPTIMIZATION_LEVEL = 0;
				GCC_PREPROCESSOR_DEFINITIONS = (
					"DEBUG=1",
					"$(inherited)",
				);
				GCC_WARN_64_TO_32_BIT_CONVERSION = YES;
				GCC_WARN_ABOUT_RETURN_TYPE = YES_ERROR;
				GCC_WARN_UNDECLARED_SELECTOR = YES;
				GCC_WARN_UNINITIALIZED_AUTOS = YES_AGGRESSIVE;
				GCC_WARN_UNUSED_FUNCTION = YES;
				GCC_WARN_UNUSED_VARIABLE = YES;
				IPHONEOS_DEPLOYMENT_TARGET = 10.2;
				MTL_ENABLE_DEBUG_INFO = YES;
				ONLY_ACTIVE_ARCH = YES;
				SDKROOT = iphoneos;
				SWIFT_ACTIVE_COMPILATION_CONDITIONS = DEBUG;
				SWIFT_OPTIMIZATION_LEVEL = "-Onone";
			};
			name = Debug;
		};
		F44943EE1E95A3F900C23CBF /* Release */ = {
			isa = XCBuildConfiguration;
			buildSettings = {
				ALWAYS_SEARCH_USER_PATHS = NO;
				CLANG_ANALYZER_NONNULL = YES;
				CLANG_CXX_LANGUAGE_STANDARD = "gnu++0x";
				CLANG_CXX_LIBRARY = "libc++";
				CLANG_ENABLE_MODULES = YES;
				CLANG_ENABLE_OBJC_ARC = YES;
				CLANG_WARN_BOOL_CONVERSION = YES;
				CLANG_WARN_CONSTANT_CONVERSION = YES;
				CLANG_WARN_DIRECT_OBJC_ISA_USAGE = YES_ERROR;
				CLANG_WARN_DOCUMENTATION_COMMENTS = YES;
				CLANG_WARN_EMPTY_BODY = YES;
				CLANG_WARN_ENUM_CONVERSION = YES;
				CLANG_WARN_INFINITE_RECURSION = YES;
				CLANG_WARN_INT_CONVERSION = YES;
				CLANG_WARN_OBJC_ROOT_CLASS = YES_ERROR;
				CLANG_WARN_SUSPICIOUS_MOVE = YES;
				CLANG_WARN_UNREACHABLE_CODE = YES;
				CLANG_WARN__DUPLICATE_METHOD_MATCH = YES;
				"CODE_SIGN_IDENTITY[sdk=iphoneos*]" = "iPhone Developer";
				COPY_PHASE_STRIP = NO;
				DEBUG_INFORMATION_FORMAT = "dwarf-with-dsym";
				ENABLE_NS_ASSERTIONS = NO;
				ENABLE_STRICT_OBJC_MSGSEND = YES;
				GCC_C_LANGUAGE_STANDARD = gnu99;
				GCC_NO_COMMON_BLOCKS = YES;
				GCC_WARN_64_TO_32_BIT_CONVERSION = YES;
				GCC_WARN_ABOUT_RETURN_TYPE = YES_ERROR;
				GCC_WARN_UNDECLARED_SELECTOR = YES;
				GCC_WARN_UNINITIALIZED_AUTOS = YES_AGGRESSIVE;
				GCC_WARN_UNUSED_FUNCTION = YES;
				GCC_WARN_UNUSED_VARIABLE = YES;
				IPHONEOS_DEPLOYMENT_TARGET = 10.2;
				MTL_ENABLE_DEBUG_INFO = NO;
				SDKROOT = iphoneos;
				SWIFT_OPTIMIZATION_LEVEL = "-Owholemodule";
				VALIDATE_PRODUCT = YES;
			};
			name = Release;
		};
		F44943F01E95A3F900C23CBF /* Debug */ = {
			isa = XCBuildConfiguration;
			baseConfigurationReference = AEC8E6347B479F106BA5908E /* Pods-scheduling.debug.xcconfig */;
			buildSettings = {
				ASSETCATALOG_COMPILER_APPICON_NAME = AppIcon;
				DEVELOPMENT_TEAM = T4H78CRT5T;
				INFOPLIST_FILE = scheduling/Info.plist;
				LD_RUNPATH_SEARCH_PATHS = "$(inherited) @executable_path/Frameworks";
				PRODUCT_BUNDLE_IDENTIFIER = br.com.cordovalabs.scheduling;
				PRODUCT_NAME = "$(TARGET_NAME)";
				SWIFT_VERSION = 3.0;
			};
			name = Debug;
		};
		F44943F11E95A3F900C23CBF /* Release */ = {
			isa = XCBuildConfiguration;
			baseConfigurationReference = 7D776453ACFE7529EB3DF36B /* Pods-scheduling.release.xcconfig */;
			buildSettings = {
				ASSETCATALOG_COMPILER_APPICON_NAME = AppIcon;
				DEVELOPMENT_TEAM = T4H78CRT5T;
				INFOPLIST_FILE = scheduling/Info.plist;
				LD_RUNPATH_SEARCH_PATHS = "$(inherited) @executable_path/Frameworks";
				PRODUCT_BUNDLE_IDENTIFIER = br.com.cordovalabs.scheduling;
				PRODUCT_NAME = "$(TARGET_NAME)";
				SWIFT_VERSION = 3.0;
			};
			name = Release;
		};
/* End XCBuildConfiguration section */

/* Begin XCConfigurationList section */
		F44943D51E95A3F900C23CBF /* Build configuration list for PBXProject "scheduling" */ = {
			isa = XCConfigurationList;
			buildConfigurations = (
				F44943ED1E95A3F900C23CBF /* Debug */,
				F44943EE1E95A3F900C23CBF /* Release */,
			);
			defaultConfigurationIsVisible = 0;
			defaultConfigurationName = Release;
		};
		F44943EF1E95A3F900C23CBF /* Build configuration list for PBXNativeTarget "scheduling" */ = {
			isa = XCConfigurationList;
			buildConfigurations = (
				F44943F01E95A3F900C23CBF /* Debug */,
				F44943F11E95A3F900C23CBF /* Release */,
			);
			defaultConfigurationIsVisible = 0;
			defaultConfigurationName = Release;
		};
/* End XCConfigurationList section */

/* Begin XCVersionGroup section */
		F44943E41E95A3F900C23CBF /* scheduling.xcdatamodeld */ = {
			isa = XCVersionGroup;
			children = (
				F44943E51E95A3F900C23CBF /* scheduling.xcdatamodel */,
			);
			currentVersion = F44943E51E95A3F900C23CBF /* scheduling.xcdatamodel */;
			path = scheduling.xcdatamodeld;
			sourceTree = "<group>";
			versionGroupType = wrapper.xcdatamodel;
		};
/* End XCVersionGroup section */
	};
	rootObject = F44943D21E95A3F900C23CBF /* Project object */;
}
